// !$*UTF8*$!
{
	archiveVersion = 1;
	classes = {
	};
	objectVersion = 50;
	objects = {

/* Begin PBXBuildFile section */
		6F983FA225E841B600FA8D89 /* AppDelegate.swift in Sources */ = {isa = PBXBuildFile; fileRef = 6F983FA125E841B600FA8D89 /* AppDelegate.swift */; };
		6F983FA425E841B600FA8D89 /* ContentView.swift in Sources */ = {isa = PBXBuildFile; fileRef = 6F983FA325E841B600FA8D89 /* ContentView.swift */; };
		6F983FA625E841B600FA8D89 /* Experience.rcproject in Sources */ = {isa = PBXBuildFile; fileRef = 6F983FA525E841B600FA8D89 /* Experience.rcproject */; };
		6F983FA825E841B700FA8D89 /* Assets.xcassets in Resources */ = {isa = PBXBuildFile; fileRef = 6F983FA725E841B700FA8D89 /* Assets.xcassets */; };
		6F983FAB25E841B700FA8D89 /* Preview Assets.xcassets in Resources */ = {isa = PBXBuildFile; fileRef = 6F983FAA25E841B700FA8D89 /* Preview Assets.xcassets */; };
		6F983FB625E841B700FA8D89 /* testTests.swift in Sources */ = {isa = PBXBuildFile; fileRef = 6F983FB525E841B700FA8D89 /* testTests.swift */; };
		6F983FC125E841B700FA8D89 /* testUITests.swift in Sources */ = {isa = PBXBuildFile; fileRef = 6F983FC025E841B700FA8D89 /* testUITests.swift */; };
/* End PBXBuildFile section */

/* Begin PBXContainerItemProxy section */
		6F983FB225E841B700FA8D89 /* PBXContainerItemProxy */ = {
			isa = PBXContainerItemProxy;
			containerPortal = 6F983F9625E841B600FA8D89 /* Project object */;
			proxyType = 1;
			remoteGlobalIDString = 6F983F9D25E841B600FA8D89;
			remoteInfo = test;
		};
		6F983FBD25E841B700FA8D89 /* PBXContainerItemProxy */ = {
			isa = PBXContainerItemProxy;
			containerPortal = 6F983F9625E841B600FA8D89 /* Project object */;
			proxyType = 1;
			remoteGlobalIDString = 6F983F9D25E841B600FA8D89;
			remoteInfo = test;
		};
/* End PBXContainerItemProxy section */

/* Begin PBXFileReference section */
		6F983F9E25E841B600FA8D89 /* test.app */ = {isa = PBXFileReference; explicitFileType = wrapper.application; includeInIndex = 0; path = test.app; sourceTree = BUILT_PRODUCTS_DIR; };
		6F983FA125E841B600FA8D89 /* AppDelegate.swift */ = {isa = PBXFileReference; lastKnownFileType = sourcecode.swift; path = AppDelegate.swift; sourceTree = "<group>"; };
		6F983FA325E841B600FA8D89 /* ContentView.swift */ = {isa = PBXFileReference; lastKnownFileType = sourcecode.swift; path = ContentView.swift; sourceTree = "<group>"; };
		6F983FA525E841B600FA8D89 /* Experience.rcproject */ = {isa = PBXFileReference; lastKnownFileType = file.rcproject; path = Experience.rcproject; sourceTree = "<group>"; };
		6F983FA725E841B700FA8D89 /* Assets.xcassets */ = {isa = PBXFileReference; lastKnownFileType = folder.assetcatalog; path = Assets.xcassets; sourceTree = "<group>"; };
		6F983FAA25E841B700FA8D89 /* Preview Assets.xcassets */ = {isa = PBXFileReference; lastKnownFileType = folder.assetcatalog; path = "Preview Assets.xcassets"; sourceTree = "<group>"; };
		6F983FAC25E841B700FA8D89 /* Info.plist */ = {isa = PBXFileReference; lastKnownFileType = text.plist.xml; path = Info.plist; sourceTree = "<group>"; };
		6F983FB125E841B700FA8D89 /* testTests.xctest */ = {isa = PBXFileReference; explicitFileType = wrapper.cfbundle; includeInIndex = 0; path = testTests.xctest; sourceTree = BUILT_PRODUCTS_DIR; };
		6F983FB525E841B700FA8D89 /* testTests.swift */ = {isa = PBXFileReference; lastKnownFileType = sourcecode.swift; path = testTests.swift; sourceTree = "<group>"; };
		6F983FB725E841B700FA8D89 /* Info.plist */ = {isa = PBXFileReference; lastKnownFileType = text.plist.xml; path = Info.plist; sourceTree = "<group>"; };
		6F983FBC25E841B700FA8D89 /* testUITests.xctest */ = {isa = PBXFileReference; explicitFileType = wrapper.cfbundle; includeInIndex = 0; path = testUITests.xctest; sourceTree = BUILT_PRODUCTS_DIR; };
		6F983FC025E841B700FA8D89 /* testUITests.swift */ = {isa = PBXFileReference; lastKnownFileType = sourcecode.swift; path = testUITests.swift; sourceTree = "<group>"; };
		6F983FC225E841B700FA8D89 /* Info.plist */ = {isa = PBXFileReference; lastKnownFileType = text.plist.xml; path = Info.plist; sourceTree = "<group>"; };
/* End PBXFileReference section */

/* Begin PBXFrameworksBuildPhase section */
		6F983F9B25E841B600FA8D89 /* Frameworks */ = {
			isa = PBXFrameworksBuildPhase;
			buildActionMask = 2147483647;
			files = (
			);
			runOnlyForDeploymentPostprocessing = 0;
		};
		6F983FAE25E841B700FA8D89 /* Frameworks */ = {
			isa = PBXFrameworksBuildPhase;
			buildActionMask = 2147483647;
			files = (
			);
			runOnlyForDeploymentPostprocessing = 0;
		};
		6F983FB925E841B700FA8D89 /* Frameworks */ = {
			isa = PBXFrameworksBuildPhase;
			buildActionMask = 2147483647;
			files = (
			);
			runOnlyForDeploymentPostprocessing = 0;
		};
/* End PBXFrameworksBuildPhase section */

/* Begin PBXGroup section */
		6F983F9525E841B600FA8D89 = {
			isa = PBXGroup;
			children = (
				6F983FA025E841B600FA8D89 /* test */,
				6F983FB425E841B700FA8D89 /* testTests */,
				6F983FBF25E841B700FA8D89 /* testUITests */,
				6F983F9F25E841B600FA8D89 /* Products */,
			);
			sourceTree = "<group>";
		};
		6F983F9F25E841B600FA8D89 /* Products */ = {
			isa = PBXGroup;
			children = (
				6F983F9E25E841B600FA8D89 /* test.app */,
				6F983FB125E841B700FA8D89 /* testTests.xctest */,
				6F983FBC25E841B700FA8D89 /* testUITests.xctest */,
			);
			name = Products;
			sourceTree = "<group>";
		};
		6F983FA025E841B600FA8D89 /* test */ = {
			isa = PBXGroup;
			children = (
				6F983FA125E841B600FA8D89 /* AppDelegate.swift */,
				6F983FA325E841B600FA8D89 /* ContentView.swift */,
				6F983FA525E841B600FA8D89 /* Experience.rcproject */,
				6F983FA725E841B700FA8D89 /* Assets.xcassets */,
				6F983FAC25E841B700FA8D89 /* Info.plist */,
				6F983FA925E841B700FA8D89 /* Preview Content */,
			);
			path = test;
			sourceTree = "<group>";
		};
		6F983FA925E841B700FA8D89 /* Preview Content */ = {
			isa = PBXGroup;
			children = (
				6F983FAA25E841B700FA8D89 /* Preview Assets.xcassets */,
			);
			path = "Preview Content";
			sourceTree = "<group>";
		};
		6F983FB425E841B700FA8D89 /* testTests */ = {
			isa = PBXGroup;
			children = (
				6F983FB525E841B700FA8D89 /* testTests.swift */,
				6F983FB725E841B700FA8D89 /* Info.plist */,
			);
			path = testTests;
			sourceTree = "<group>";
		};
		6F983FBF25E841B700FA8D89 /* testUITests */ = {
			isa = PBXGroup;
			children = (
				6F983FC025E841B700FA8D89 /* testUITests.swift */,
				6F983FC225E841B700FA8D89 /* Info.plist */,
			);
			path = testUITests;
			sourceTree = "<group>";
		};
/* End PBXGroup section */

/* Begin PBXNativeTarget section */
		6F983F9D25E841B600FA8D89 /* test */ = {
			isa = PBXNativeTarget;
			buildConfigurationList = 6F983FC525E841B700FA8D89 /* Build configuration list for PBXNativeTarget "test" */;
			buildPhases = (
				6F983F9A25E841B600FA8D89 /* Sources */,
				6F983F9B25E841B600FA8D89 /* Frameworks */,
				6F983F9C25E841B600FA8D89 /* Resources */,
			);
			buildRules = (
			);
			dependencies = (
			);
			name = test;
			productName = test;
			productReference = 6F983F9E25E841B600FA8D89 /* test.app */;
			productType = "com.apple.product-type.application";
		};
		6F983FB025E841B700FA8D89 /* testTests */ = {
			isa = PBXNativeTarget;
			buildConfigurationList = 6F983FC825E841B700FA8D89 /* Build configuration list for PBXNativeTarget "testTests" */;
			buildPhases = (
				6F983FAD25E841B700FA8D89 /* Sources */,
				6F983FAE25E841B700FA8D89 /* Frameworks */,
				6F983FAF25E841B700FA8D89 /* Resources */,
			);
			buildRules = (
			);
			dependencies = (
				6F983FB325E841B700FA8D89 /* PBXTargetDependency */,
			);
			name = testTests;
			productName = testTests;
			productReference = 6F983FB125E841B700FA8D89 /* testTests.xctest */;
			productType = "com.apple.product-type.bundle.unit-test";
		};
		6F983FBB25E841B700FA8D89 /* testUITests */ = {
			isa = PBXNativeTarget;
			buildConfigurationList = 6F983FCB25E841B700FA8D89 /* Build configuration list for PBXNativeTarget "testUITests" */;
			buildPhases = (
				6F983FB825E841B700FA8D89 /* Sources */,
				6F983FB925E841B700FA8D89 /* Frameworks */,
				6F983FBA25E841B700FA8D89 /* Resources */,
			);
			buildRules = (
			);
			dependencies = (
				6F983FBE25E841B700FA8D89 /* PBXTargetDependency */,
			);
			name = testUITests;
			productName = testUITests;
			productReference = 6F983FBC25E841B700FA8D89 /* testUITests.xctest */;
			productType = "com.apple.product-type.bundle.ui-testing";
		};
/* End PBXNativeTarget section */

/* Begin PBXProject section */
		6F983F9625E841B600FA8D89 /* Project object */ = {
			isa = PBXProject;
			attributes = {
				LastSwiftUpdateCheck = 1240;
				LastUpgradeCheck = 1240;
				TargetAttributes = {
					6F983F9D25E841B600FA8D89 = {
						CreatedOnToolsVersion = 12.4;
					};
					6F983FB025E841B700FA8D89 = {
						CreatedOnToolsVersion = 12.4;
						TestTargetID = 6F983F9D25E841B600FA8D89;
					};
					6F983FBB25E841B700FA8D89 = {
						CreatedOnToolsVersion = 12.4;
						TestTargetID = 6F983F9D25E841B600FA8D89;
					};
				};
			};
			buildConfigurationList = 6F983F9925E841B600FA8D89 /* Build configuration list for PBXProject "test" */;
			compatibilityVersion = "Xcode 9.3";
			developmentRegion = en;
			hasScannedForEncodings = 0;
			knownRegions = (
				en,
				Base,
			);
			mainGroup = 6F983F9525E841B600FA8D89;
			productRefGroup = 6F983F9F25E841B600FA8D89 /* Products */;
			projectDirPath = "";
			projectRoot = "";
			targets = (
				6F983F9D25E841B600FA8D89 /* test */,
				6F983FB025E841B700FA8D89 /* testTests */,
				6F983FBB25E841B700FA8D89 /* testUITests */,
			);
		};
/* End PBXProject section */

/* Begin PBXResourcesBuildPhase section */
		6F983F9C25E841B600FA8D89 /* Resources */ = {
			isa = PBXResourcesBuildPhase;
			buildActionMask = 2147483647;
			files = (
				6F983FAB25E841B700FA8D89 /* Preview Assets.xcassets in Resources */,
				6F983FA825E841B700FA8D89 /* Assets.xcassets in Resources */,
			);
			runOnlyForDeploymentPostprocessing = 0;
		};
		6F983FAF25E841B700FA8D89 /* Resources */ = {
			isa = PBXResourcesBuildPhase;
			buildActionMask = 2147483647;
			files = (
			);
			runOnlyForDeploymentPostprocessing = 0;
		};
		6F983FBA25E841B700FA8D89 /* Resources */ = {
			isa = PBXResourcesBuildPhase;
			buildActionMask = 2147483647;
			files = (
			);
			runOnlyForDeploymentPostprocessing = 0;
		};
/* End PBXResourcesBuildPhase section */

/* Begin PBXSourcesBuildPhase section */
		6F983F9A25E841B600FA8D89 /* Sources */ = {
			isa = PBXSourcesBuildPhase;
			buildActionMask = 2147483647;
			files = (
				6F983FA425E841B600FA8D89 /* ContentView.swift in Sources */,
				6F983FA225E841B600FA8D89 /* AppDelegate.swift in Sources */,
				6F983FA625E841B600FA8D89 /* Experience.rcproject in Sources */,
			);
			runOnlyForDeploymentPostprocessing = 0;
		};
		6F983FAD25E841B700FA8D89 /* Sources */ = {
			isa = PBXSourcesBuildPhase;
			buildActionMask = 2147483647;
			files = (
				6F983FB625E841B700FA8D89 /* testTests.swift in Sources */,
			);
			runOnlyForDeploymentPostprocessing = 0;
		};
		6F983FB825E841B700FA8D89 /* Sources */ = {
			isa = PBXSourcesBuildPhase;
			buildActionMask = 2147483647;
			files = (
				6F983FC125E841B700FA8D89 /* testUITests.swift in Sources */,
			);
			runOnlyForDeploymentPostprocessing = 0;
		};
/* End PBXSourcesBuildPhase section */

/* Begin PBXTargetDependency section */
		6F983FB325E841B700FA8D89 /* PBXTargetDependency */ = {
			isa = PBXTargetDependency;
			target = 6F983F9D25E841B600FA8D89 /* test */;
			targetProxy = 6F983FB225E841B700FA8D89 /* PBXContainerItemProxy */;
		};
		6F983FBE25E841B700FA8D89 /* PBXTargetDependency */ = {
			isa = PBXTargetDependency;
			target = 6F983F9D25E841B600FA8D89 /* test */;
			targetProxy = 6F983FBD25E841B700FA8D89 /* PBXContainerItemProxy */;
		};
/* End PBXTargetDependency section */

/* Begin XCBuildConfiguration section */
		6F983FC325E841B700FA8D89 /* Debug */ = {
			isa = XCBuildConfiguration;
			buildSettings = {
				ALWAYS_SEARCH_USER_PATHS = NO;
				CLANG_ANALYZER_NONNULL = YES;
				CLANG_ANALYZER_NUMBER_OBJECT_CONVERSION = YES_AGGRESSIVE;
				CLANG_CXX_LANGUAGE_STANDARD = "gnu++14";
				CLANG_CXX_LIBRARY = "libc++";
				CLANG_ENABLE_MODULES = YES;
				CLANG_ENABLE_OBJC_ARC = YES;
				CLANG_ENABLE_OBJC_WEAK = YES;
				CLANG_WARN_BLOCK_CAPTURE_AUTORELEASING = YES;
				CLANG_WARN_BOOL_CONVERSION = YES;
				CLANG_WARN_COMMA = YES;
				CLANG_WARN_CONSTANT_CONVERSION = YES;
				CLANG_WARN_DEPRECATED_OBJC_IMPLEMENTATIONS = YES;
				CLANG_WARN_DIRECT_OBJC_ISA_USAGE = YES_ERROR;
				CLANG_WARN_DOCUMENTATION_COMMENTS = YES;
				CLANG_WARN_EMPTY_BODY = YES;
				CLANG_WARN_ENUM_CONVERSION = YES;
				CLANG_WARN_INFINITE_RECURSION = YES;
				CLANG_WARN_INT_CONVERSION = YES;
				CLANG_WARN_NON_LITERAL_NULL_CONVERSION = YES;
				CLANG_WARN_OBJC_IMPLICIT_RETAIN_SELF = YES;
				CLANG_WARN_OBJC_LITERAL_CONVERSION = YES;
				CLANG_WARN_OBJC_ROOT_CLASS = YES_ERROR;
				CLANG_WARN_QUOTED_INCLUDE_IN_FRAMEWORK_HEADER = YES;
				CLANG_WARN_RANGE_LOOP_ANALYSIS = YES;
				CLANG_WARN_STRICT_PROTOTYPES = YES;
				CLANG_WARN_SUSPICIOUS_MOVE = YES;
				CLANG_WARN_UNGUARDED_AVAILABILITY = YES_AGGRESSIVE;
				CLANG_WARN_UNREACHABLE_CODE = YES;
				CLANG_WARN__DUPLICATE_METHOD_MATCH = YES;
				COPY_PHASE_STRIP = NO;
				DEBUG_INFORMATION_FORMAT = dwarf;
				ENABLE_STRICT_OBJC_MSGSEND = YES;
				ENABLE_TESTABILITY = YES;
				GCC_C_LANGUAGE_STANDARD = gnu11;
				GCC_DYNAMIC_NO_PIC = NO;
				GCC_NO_COMMON_BLOCKS = YES;
				GCC_OPTIMIZATION_LEVEL = 0;
				GCC_PREPROCESSOR_DEFINITIONS = (
					"DEBUG=1",
					"$(inherited)",
				);
				GCC_WARN_64_TO_32_BIT_CONVERSION = YES;
				GCC_WARN_ABOUT_RETURN_TYPE = YES_ERROR;
				GCC_WARN_UNDECLARED_SELECTOR = YES;
				GCC_WARN_UNINITIALIZED_AUTOS = YES_AGGRESSIVE;
				GCC_WARN_UNUSED_FUNCTION = YES;
				GCC_WARN_UNUSED_VARIABLE = YES;
				IPHONEOS_DEPLOYMENT_TARGET = 14.4;
				MTL_ENABLE_DEBUG_INFO = INCLUDE_SOURCE;
				MTL_FAST_MATH = YES;
				ONLY_ACTIVE_ARCH = YES;
				SDKROOT = iphoneos;
				SWIFT_ACTIVE_COMPILATION_CONDITIONS = DEBUG;
				SWIFT_OPTIMIZATION_LEVEL = "-Onone";
			};
			name = Debug;
		};
		6F983FC425E841B700FA8D89 /* Release */ = {
			isa = XCBuildConfiguration;
			buildSettings = {
				ALWAYS_SEARCH_USER_PATHS = NO;
				CLANG_ANALYZER_NONNULL = YES;
				CLANG_ANALYZER_NUMBER_OBJECT_CONVERSION = YES_AGGRESSIVE;
				CLANG_CXX_LANGUAGE_STANDARD = "gnu++14";
				CLANG_CXX_LIBRARY = "libc++";
				CLANG_ENABLE_MODULES = YES;
				CLANG_ENABLE_OBJC_ARC = YES;
				CLANG_ENABLE_OBJC_WEAK = YES;
				CLANG_WARN_BLOCK_CAPTURE_AUTORELEASING = YES;
				CLANG_WARN_BOOL_CONVERSION = YES;
				CLANG_WARN_COMMA = YES;
				CLANG_WARN_CONSTANT_CONVERSION = YES;
				CLANG_WARN_DEPRECATED_OBJC_IMPLEMENTATIONS = YES;
				CLANG_WARN_DIRECT_OBJC_ISA_USAGE = YES_ERROR;
				CLANG_WARN_DOCUMENTATION_COMMENTS = YES;
				CLANG_WARN_EMPTY_BODY = YES;
				CLANG_WARN_ENUM_CONVERSION = YES;
				CLANG_WARN_INFINITE_RECURSION = YES;
				CLANG_WARN_INT_CONVERSION = YES;
				CLANG_WARN_NON_LITERAL_NULL_CONVERSION = YES;
				CLANG_WARN_OBJC_IMPLICIT_RETAIN_SELF = YES;
				CLANG_WARN_OBJC_LITERAL_CONVERSION = YES;
				CLANG_WARN_OBJC_ROOT_CLASS = YES_ERROR;
				CLANG_WARN_QUOTED_INCLUDE_IN_FRAMEWORK_HEADER = YES;
				CLANG_WARN_RANGE_LOOP_ANALYSIS = YES;
				CLANG_WARN_STRICT_PROTOTYPES = YES;
				CLANG_WARN_SUSPICIOUS_MOVE = YES;
				CLANG_WARN_UNGUARDED_AVAILABILITY = YES_AGGRESSIVE;
				CLANG_WARN_UNREACHABLE_CODE = YES;
				CLANG_WARN__DUPLICATE_METHOD_MATCH = YES;
				COPY_PHASE_STRIP = NO;
				DEBUG_INFORMATION_FORMAT = "dwarf-with-dsym";
				ENABLE_NS_ASSERTIONS = NO;
				ENABLE_STRICT_OBJC_MSGSEND = YES;
				GCC_C_LANGUAGE_STANDARD = gnu11;
				GCC_NO_COMMON_BLOCKS = YES;
				GCC_WARN_64_TO_32_BIT_CONVERSION = YES;
				GCC_WARN_ABOUT_RETURN_TYPE = YES_ERROR;
				GCC_WARN_UNDECLARED_SELECTOR = YES;
				GCC_WARN_UNINITIALIZED_AUTOS = YES_AGGRESSIVE;
				GCC_WARN_UNUSED_FUNCTION = YES;
				GCC_WARN_UNUSED_VARIABLE = YES;
				IPHONEOS_DEPLOYMENT_TARGET = 14.4;
				MTL_ENABLE_DEBUG_INFO = NO;
				MTL_FAST_MATH = YES;
				SDKROOT = iphoneos;
				SWIFT_COMPILATION_MODE = wholemodule;
				SWIFT_OPTIMIZATION_LEVEL = "-O";
				VALIDATE_PRODUCT = YES;
			};
			name = Release;
		};
		6F983FC625E841B700FA8D89 /* Debug */ = {
			isa = XCBuildConfiguration;
			buildSettings = {
				ASSETCATALOG_COMPILER_APPICON_NAME = AppIcon;
				ASSETCATALOG_COMPILER_GLOBAL_ACCENT_COLOR_NAME = AccentColor;
				CODE_SIGN_STYLE = Automatic;
				DEVELOPMENT_ASSET_PATHS = "\"test/Preview Content\"";
				ENABLE_PREVIEWS = YES;
				INFOPLIST_FILE = test/Info.plist;
				LD_RUNPATH_SEARCH_PATHS = (
					"$(inherited)",
					"@executable_path/Frameworks",
				);
				PRODUCT_BUNDLE_IDENTIFIER = com.keeleyLitzenberger.test;
				PRODUCT_NAME = "$(TARGET_NAME)";
				SWIFT_VERSION = 5.0;
				TARGETED_DEVICE_FAMILY = "1,2";
			};
			name = Debug;
		};
		6F983FC725E841B700FA8D89 /* Release */ = {
			isa = XCBuildConfiguration;
			buildSettings = {
				ASSETCATALOG_COMPILER_APPICON_NAME = AppIcon;
				ASSETCATALOG_COMPILER_GLOBAL_ACCENT_COLOR_NAME = AccentColor;
				CODE_SIGN_STYLE = Automatic;
				DEVELOPMENT_ASSET_PATHS = "\"test/Preview Content\"";
				ENABLE_PREVIEWS = YES;
				INFOPLIST_FILE = test/Info.plist;
				LD_RUNPATH_SEARCH_PATHS = (
					"$(inherited)",
					"@executable_path/Frameworks",
				);
				PRODUCT_BUNDLE_IDENTIFIER = com.keeleyLitzenberger.test;
				PRODUCT_NAME = "$(TARGET_NAME)";
				SWIFT_VERSION = 5.0;
				TARGETED_DEVICE_FAMILY = "1,2";
			};
			name = Release;
		};
		6F983FC925E841B700FA8D89 /* Debug */ = {
			isa = XCBuildConfiguration;
			buildSettings = {
				ALWAYS_EMBED_SWIFT_STANDARD_LIBRARIES = YES;
				BUNDLE_LOADER = "$(TEST_HOST)";
				CODE_SIGN_STYLE = Automatic;
				INFOPLIST_FILE = testTests/Info.plist;
				IPHONEOS_DEPLOYMENT_TARGET = 14.4;
				LD_RUNPATH_SEARCH_PATHS = (
					"$(inherited)",
					"@executable_path/Frameworks",
					"@loader_path/Frameworks",
				);
				PRODUCT_BUNDLE_IDENTIFIER = com.keeleyLitzenberger.testTests;
				PRODUCT_NAME = "$(TARGET_NAME)";
				SWIFT_VERSION = 5.0;
				TARGETED_DEVICE_FAMILY = "1,2";
				TEST_HOST = "$(BUILT_PRODUCTS_DIR)/test.app/test";
			};
			name = Debug;
		};
		6F983FCA25E841B700FA8D89 /* Release */ = {
			isa = XCBuildConfiguration;
			buildSettings = {
				ALWAYS_EMBED_SWIFT_STANDARD_LIBRARIES = YES;
				BUNDLE_LOADER = "$(TEST_HOST)";
				CODE_SIGN_STYLE = Automatic;
				INFOPLIST_FILE = testTests/Info.plist;
				IPHONEOS_DEPLOYMENT_TARGET = 14.4;
				LD_RUNPATH_SEARCH_PATHS = (
					"$(inherited)",
					"@executable_path/Frameworks",
					"@loader_path/Frameworks",
				);
				PRODUCT_BUNDLE_IDENTIFIER = com.keeleyLitzenberger.testTests;
				PRODUCT_NAME = "$(TARGET_NAME)";
				SWIFT_VERSION = 5.0;
				TARGETED_DEVICE_FAMILY = "1,2";
				TEST_HOST = "$(BUILT_PRODUCTS_DIR)/test.app/test";
			};
			name = Release;
		};
		6F983FCC25E841B700FA8D89 /* Debug */ = {
			isa = XCBuildConfiguration;
			buildSettings = {
				ALWAYS_EMBED_SWIFT_STANDARD_LIBRARIES = YES;
				CODE_SIGN_STYLE = Automatic;
				INFOPLIST_FILE = testUITests/Info.plist;
				LD_RUNPATH_SEARCH_PATHS = (
					"$(inherited)",
					"@executable_path/Frameworks",
					"@loader_path/Frameworks",
				);
				PRODUCT_BUNDLE_IDENTIFIER = com.keeleyLitzenberger.testUITests;
				PRODUCT_NAME = "$(TARGET_NAME)";
				SWIFT_VERSION = 5.0;
				TARGETED_DEVICE_FAMILY = "1,2";
				TEST_TARGET_NAME = test;
			};
			name = Debug;
		};
		6F983FCD25E841B700FA8D89 /* Release */ = {
			isa = XCBuildConfiguration;
			buildSettings = {
				ALWAYS_EMBED_SWIFT_STANDARD_LIBRARIES = YES;
				CODE_SIGN_STYLE = Automatic;
				INFOPLIST_FILE = testUITests/Info.plist;
				LD_RUNPATH_SEARCH_PATHS = (
					"$(inherited)",
					"@executable_path/Frameworks",
					"@loader_path/Frameworks",
				);
				PRODUCT_BUNDLE_IDENTIFIER = com.keeleyLitzenberger.testUITests;
				PRODUCT_NAME = "$(TARGET_NAME)";
				SWIFT_VERSION = 5.0;
				TARGETED_DEVICE_FAMILY = "1,2";
				TEST_TARGET_NAME = test;
			};
			name = Release;
		};
/* End XCBuildConfiguration section */

/* Begin XCConfigurationList section */
		6F983F9925E841B600FA8D89 /* Build configuration list for PBXProject "test" */ = {
			isa = XCConfigurationList;
			buildConfigurations = (
				6F983FC325E841B700FA8D89 /* Debug */,
				6F983FC425E841B700FA8D89 /* Release */,
			);
			defaultConfigurationIsVisible = 0;
			defaultConfigurationName = Release;
		};
		6F983FC525E841B700FA8D89 /* Build configuration list for PBXNativeTarget "test" */ = {
			isa = XCConfigurationList;
			buildConfigurations = (
				6F983FC625E841B700FA8D89 /* Debug */,
				6F983FC725E841B700FA8D89 /* Release */,
			);
			defaultConfigurationIsVisible = 0;
			defaultConfigurationName = Release;
		};
		6F983FC825E841B700FA8D89 /* Build configuration list for PBXNativeTarget "testTests" */ = {
			isa = XCConfigurationList;
			buildConfigurations = (
				6F983FC925E841B700FA8D89 /* Debug */,
				6F983FCA25E841B700FA8D89 /* Release */,
			);
			defaultConfigurationIsVisible = 0;
			defaultConfigurationName = Release;
		};
		6F983FCB25E841B700FA8D89 /* Build configuration list for PBXNativeTarget "testUITests" */ = {
			isa = XCConfigurationList;
			buildConfigurations = (
				6F983FCC25E841B700FA8D89 /* Debug */,
				6F983FCD25E841B700FA8D89 /* Release */,
			);
			defaultConfigurationIsVisible = 0;
			defaultConfigurationName = Release;
		};
/* End XCConfigurationList section */
	};
	rootObject = 6F983F9625E841B600FA8D89 /* Project object */;
}
